
Microsoft Visual Studio Solution File, Format Version 12.00
# Visual Studio Version 16
VisualStudioVersion = 16.0.31025.194
MinimumVisualStudioVersion = 10.0.40219.1
Project("{FAE04EC0-301F-11D3-BF4B-00C04F79EFBC}") = "jenkinsample", "jenkinsample\jenkinsample.csproj", "{FD6EEF92-4987-491F-9C22-81D811D3FB82}"
EndProject
Project("{FAE04EC0-301F-11D3-BF4B-00C04F79EFBC}") = "jenkinsampleTests", "jenkinsampleTests\jenkinsampleTests.csproj", "{B7374593-B5AD-4CE5-A646-87093AC21F0B}"
EndProject
Global
	GlobalSection(SolutionConfigurationPlatforms) = preSolution
		Debug|Any CPU = Debug|Any CPU
		Release|Any CPU = Release|Any CPU
	EndGlobalSection
	GlobalSection(ProjectConfigurationPlatforms) = postSolution
		{FD6EEF92-4987-491F-9C22-81D811D3FB82}.Debug|Any CPU.ActiveCfg = Debug|Any CPU
		{FD6EEF92-4987-491F-9C22-81D811D3FB82}.Debug|Any CPU.Build.0 = Debug|Any CPU
		{FD6EEF92-4987-491F-9C22-81D811D3FB82}.Release|Any CPU.ActiveCfg = Release|Any CPU
		{FD6EEF92-4987-491F-9C22-81D811D3FB82}.Release|Any CPU.Build.0 = Release|Any CPU
		{B7374593-B5AD-4CE5-A646-87093AC21F0B}.Debug|Any CPU.ActiveCfg = Debug|Any CPU
		{B7374593-B5AD-4CE5-A646-87093AC21F0B}.Debug|Any CPU.Build.0 = Debug|Any CPU
		{B7374593-B5AD-4CE5-A646-87093AC21F0B}.Release|Any CPU.ActiveCfg = Release|Any CPU
		{B7374593-B5AD-4CE5-A646-87093AC21F0B}.Release|Any CPU.Build.0 = Release|Any CPU
	EndGlobalSection
	GlobalSection(SolutionProperties) = preSolution
		HideSolutionNode = FALSE
	EndGlobalSection
	GlobalSection(ExtensibilityGlobals) = postSolution
		SolutionGuid = {AF9C8334-BB3E-45F2-ACDE-B5971F996A70}
	EndGlobalSection
EndGlobal
